
Microsoft Visual Studio Solution File, Format Version 12.00
# Visual Studio Version 16
VisualStudioVersion = 16.0.31424.327
MinimumVisualStudioVersion = 10.0.40219.1
Project("{FAE04EC0-301F-11D3-BF4B-00C04F79EFBC}") = "VidlyWithEntity", "VidlyWithEntity\VidlyWithEntity.csproj", "{581F2575-CADC-4B70-8DE1-D49303750FDC}"
EndProject
Global
	GlobalSection(SolutionConfigurationPlatforms) = preSolution
		Debug|Any CPU = Debug|Any CPU
		Release|Any CPU = Release|Any CPU
		Testing|Any CPU = Testing|Any CPU
	EndGlobalSection
	GlobalSection(ProjectConfigurationPlatforms) = postSolution
		{581F2575-CADC-4B70-8DE1-D49303750FDC}.Debug|Any CPU.ActiveCfg = Debug|Any CPU
		{581F2575-CADC-4B70-8DE1-D49303750FDC}.Debug|Any CPU.Build.0 = Debug|Any CPU
		{581F2575-CADC-4B70-8DE1-D49303750FDC}.Release|Any CPU.ActiveCfg = Release|Any CPU
		{581F2575-CADC-4B70-8DE1-D49303750FDC}.Release|Any CPU.Build.0 = Release|Any CPU
		{581F2575-CADC-4B70-8DE1-D49303750FDC}.Testing|Any CPU.ActiveCfg = Testing|Any CPU
		{581F2575-CADC-4B70-8DE1-D49303750FDC}.Testing|Any CPU.Build.0 = Testing|Any CPU
	EndGlobalSection
	GlobalSection(SolutionProperties) = preSolution
		HideSolutionNode = FALSE
	EndGlobalSection
	GlobalSection(ExtensibilityGlobals) = postSolution
		SolutionGuid = {68D9561C-E927-44C4-B104-F2115AA06ED9}
	EndGlobalSection
EndGlobal
